
Microsoft Visual Studio Solution File, Format Version 12.00
# Visual Studio Version 17
VisualStudioVersion = 17.11.35312.102
MinimumVisualStudioVersion = 10.0.40219.1
Project("{9A19103F-16F7-4668-BE54-9A1E7A4F7556}") = "LoadDWHVentas.Data", "LoadDWHVentas.Data\LoadDWHVentas.Data.csproj", "{11B033BE-D202-4871-80C0-337B1F2AA8AB}"
EndProject
Project("{FAE04EC0-301F-11D3-BF4B-00C04F79EFBC}") = "LoadDWHVentas.WorkerService", "LoadDWHVentas.WorkerService\LoadDWHVentas.WorkerService.csproj", "{C2F39C85-AFC5-489F-9980-5C42AA94AF17}"
EndProject
Global
	GlobalSection(SolutionConfigurationPlatforms) = preSolution
		Debug|Any CPU = Debug|Any CPU
		Release|Any CPU = Release|Any CPU
	EndGlobalSection
	GlobalSection(ProjectConfigurationPlatforms) = postSolution
		{11B033BE-D202-4871-80C0-337B1F2AA8AB}.Debug|Any CPU.ActiveCfg = Debug|Any CPU
		{11B033BE-D202-4871-80C0-337B1F2AA8AB}.Debug|Any CPU.Build.0 = Debug|Any CPU
		{11B033BE-D202-4871-80C0-337B1F2AA8AB}.Release|Any CPU.ActiveCfg = Release|Any CPU
		{11B033BE-D202-4871-80C0-337B1F2AA8AB}.Release|Any CPU.Build.0 = Release|Any CPU
		{C2F39C85-AFC5-489F-9980-5C42AA94AF17}.Debug|Any CPU.ActiveCfg = Debug|Any CPU
		{C2F39C85-AFC5-489F-9980-5C42AA94AF17}.Debug|Any CPU.Build.0 = Debug|Any CPU
		{C2F39C85-AFC5-489F-9980-5C42AA94AF17}.Release|Any CPU.ActiveCfg = Release|Any CPU
		{C2F39C85-AFC5-489F-9980-5C42AA94AF17}.Release|Any CPU.Build.0 = Release|Any CPU
	EndGlobalSection
	GlobalSection(SolutionProperties) = preSolution
		HideSolutionNode = FALSE
	EndGlobalSection
	GlobalSection(ExtensibilityGlobals) = postSolution
		SolutionGuid = {E7B3FE6A-819D-41B6-BF97-3FC60B50939E}
	EndGlobalSection
EndGlobal
